Microsoft Visual Studio Solution File, Format Version 12.00
# Visual Studio Version 17
VisualStudioVersion = 17.5.2.0
MinimumVisualStudioVersion = 10.0.40219.1
Project("{FAE04EC0-301F-11D3-BF4B-00C04F79EFBC}") = "LivrariaFDevs", "LivrariaFDevs\LivrariaFDevs.csproj", "{B7DC9A7E-BE7D-47F5-3F96-FFD5054B6E25}"
EndProject
Global
	GlobalSection(SolutionConfigurationPlatforms) = preSolution
		Debug|Any CPU = Debug|Any CPU
		Release|Any CPU = Release|Any CPU
	EndGlobalSection
	GlobalSection(ProjectConfigurationPlatforms) = postSolution
		{B7DC9A7E-BE7D-47F5-3F96-FFD5054B6E25}.Debug|Any CPU.ActiveCfg = Debug|Any CPU
		{B7DC9A7E-BE7D-47F5-3F96-FFD5054B6E25}.Debug|Any CPU.Build.0 = Debug|Any CPU
		{B7DC9A7E-BE7D-47F5-3F96-FFD5054B6E25}.Release|Any CPU.ActiveCfg = Release|Any CPU
		{B7DC9A7E-BE7D-47F5-3F96-FFD5054B6E25}.Release|Any CPU.Build.0 = Release|Any CPU
	EndGlobalSection
	GlobalSection(SolutionProperties) = preSolution
		HideSolutionNode = FALSE
	EndGlobalSection
	GlobalSection(ExtensibilityGlobals) = postSolution
		SolutionGuid = {0EBA7363-BEE2-4459-9D66-D8BDACFF1FE5}
	EndGlobalSection
EndGlobal
